# THIS IS AN AUTOGENERATED FILE. DO NOT EDIT THIS FILE DIRECTLY.
# yarn lockfile v1


monaco-editor@^0.19.0:
  version "0.19.0"
  resolved "https://registry.yarnpkg.com/monaco-editor/-/monaco-editor-0.19.0.tgz#c6e774210f3b292ff739e96f45a1cc78bf5ac2e7"
  integrity sha512-ida++HI/s9V8ma8yYS9CAS0UJEFwW1gbt9G6oviEdv/aHhFd/kV3sXrINqC63TVdKzOZdKjPRRCOPJJ80zvLbw==

xterm@^4.3.0:
  version "4.3.0"
  resolved "https://registry.yarnpkg.com/xterm/-/xterm-4.3.0.tgz#9a302efefe75172d4f7ea3afc20f9bd983f05027"
  integrity sha512-6dnrC4nxgnRKQzIWwC5HA0mnT9/rpDPZflUIr24gdcdSMTKM1QQcor4qQ/xz4Zerz6AIL/CuuBPypFfzsB63dQ==
